
Microsoft Visual Studio Solution File, Format Version 12.00
# Visual Studio Version 17
VisualStudioVersion = 17.7.34024.191
MinimumVisualStudioVersion = 10.0.40219.1
Project("{FAE04EC0-301F-11D3-BF4B-00C04F79EFBC}") = "Epicode_S3_L2_BackEnd", "Epicode_S3_L2_BackEnd\Epicode_S3_L2_BackEnd.csproj", "{66DD1096-9947-45A8-BAC8-247B2D8E2022}"
EndProject
Global
	GlobalSection(SolutionConfigurationPlatforms) = preSolution
		Debug|Any CPU = Debug|Any CPU
		Release|Any CPU = Release|Any CPU
	EndGlobalSection
	GlobalSection(ProjectConfigurationPlatforms) = postSolution
		{66DD1096-9947-45A8-BAC8-247B2D8E2022}.Debug|Any CPU.ActiveCfg = Debug|Any CPU
		{66DD1096-9947-45A8-BAC8-247B2D8E2022}.Debug|Any CPU.Build.0 = Debug|Any CPU
		{66DD1096-9947-45A8-BAC8-247B2D8E2022}.Release|Any CPU.ActiveCfg = Release|Any CPU
		{66DD1096-9947-45A8-BAC8-247B2D8E2022}.Release|Any CPU.Build.0 = Release|Any CPU
	EndGlobalSection
	GlobalSection(SolutionProperties) = preSolution
		HideSolutionNode = FALSE
	EndGlobalSection
	GlobalSection(ExtensibilityGlobals) = postSolution
		SolutionGuid = {B2948E40-4121-45BC-A85C-B321CA77E821}
	EndGlobalSection
EndGlobal
